// !$*UTF8*$!
{
	archiveVersion = 1;
	classes = {
	};
	objectVersion = 46;
	objects = {

/* Begin PBXBuildFile section */
		3B24A03E1DCC7B2F00A56D7A /* main.m in Sources */ = {isa = PBXBuildFile; fileRef = 3B24A03D1DCC7B2F00A56D7A /* main.m */; };
		3B24A0411DCC7B2F00A56D7A /* AppDelegate.m in Sources */ = {isa = PBXBuildFile; fileRef = 3B24A0401DCC7B2F00A56D7A /* AppDelegate.m */; };
		3B24A0441DCC7B2F00A56D7A /* ViewController.m in Sources */ = {isa = PBXBuildFile; fileRef = 3B24A0431DCC7B2F00A56D7A /* ViewController.m */; };
		3B24A0471DCC7B2F00A56D7A /* Main.storyboard in Resources */ = {isa = PBXBuildFile; fileRef = 3B24A0451DCC7B2F00A56D7A /* Main.storyboard */; };
		3B24A0491DCC7B2F00A56D7A /* Assets.xcassets in Resources */ = {isa = PBXBuildFile; fileRef = 3B24A0481DCC7B2F00A56D7A /* Assets.xcassets */; };
		3B24A04C1DCC7B2F00A56D7A /* LaunchScreen.storyboard in Resources */ = {isa = PBXBuildFile; fileRef = 3B24A04A1DCC7B2F00A56D7A /* LaunchScreen.storyboard */; };
		3B24A05D1DCC7BB300A56D7A /* DoHeaderStyle.m in Sources */ = {isa = PBXBuildFile; fileRef = 3B24A0571DCC7BB300A56D7A /* DoHeaderStyle.m */; };
		3B24A05E1DCC7BB300A56D7A /* DoReusableView.m in Sources */ = {isa = PBXBuildFile; fileRef = 3B24A0591DCC7BB300A56D7A /* DoReusableView.m */; };
		3B24A05F1DCC7BB300A56D7A /* DoSectionHeaderStyle.m in Sources */ = {isa = PBXBuildFile; fileRef = 3B24A05B1DCC7BB300A56D7A /* DoSectionHeaderStyle.m */; };
		3B24A0621DCC7BD800A56D7A /* DoColumnHeaderStyle.m in Sources */ = {isa = PBXBuildFile; fileRef = 3B24A0611DCC7BD800A56D7A /* DoColumnHeaderStyle.m */; };
		3B24A0651DCC7C7900A56D7A /* DoHelper.m in Sources */ = {isa = PBXBuildFile; fileRef = 3B24A0641DCC7C7900A56D7A /* DoHelper.m */; };
		3B24A0671DCC8EB400A56D7A /* DoDataTableView.m in Sources */ = {isa = PBXBuildFile; fileRef = 3B24A0661DCC8EB400A56D7A /* DoDataTableView.m */; };
/* End PBXBuildFile section */

/* Begin PBXFileReference section */
		3B24A0391DCC7B2F00A56D7A /* DoDataTableDemo.app */ = {isa = PBXFileReference; explicitFileType = wrapper.application; includeInIndex = 0; path = DoDataTableDemo.app; sourceTree = BUILT_PRODUCTS_DIR; };
		3B24A03D1DCC7B2F00A56D7A /* main.m */ = {isa = PBXFileReference; lastKnownFileType = sourcecode.c.objc; path = main.m; sourceTree = "<group>"; };
		3B24A03F1DCC7B2F00A56D7A /* AppDelegate.h */ = {isa = PBXFileReference; lastKnownFileType = sourcecode.c.h; path = AppDelegate.h; sourceTree = "<group>"; };
		3B24A0401DCC7B2F00A56D7A /* AppDelegate.m */ = {isa = PBXFileReference; lastKnownFileType = sourcecode.c.objc; path = AppDelegate.m; sourceTree = "<group>"; };
		3B24A0421DCC7B2F00A56D7A /* ViewController.h */ = {isa = PBXFileReference; lastKnownFileType = sourcecode.c.h; path = ViewController.h; sourceTree = "<group>"; };
		3B24A0431DCC7B2F00A56D7A /* ViewController.m */ = {isa = PBXFileReference; lastKnownFileType = sourcecode.c.objc; path = ViewController.m; sourceTree = "<group>"; };
		3B24A0461DCC7B2F00A56D7A /* Base */ = {isa = PBXFileReference; lastKnownFileType = file.storyboard; name = Base; path = Base.lproj/Main.storyboard; sourceTree = "<group>"; };
		3B24A0481DCC7B2F00A56D7A /* Assets.xcassets */ = {isa = PBXFileReference; lastKnownFileType = folder.assetcatalog; path = Assets.xcassets; sourceTree = "<group>"; };
		3B24A04B1DCC7B2F00A56D7A /* Base */ = {isa = PBXFileReference; lastKnownFileType = file.storyboard; name = Base; path = Base.lproj/LaunchScreen.storyboard; sourceTree = "<group>"; };
		3B24A04D1DCC7B2F00A56D7A /* Info.plist */ = {isa = PBXFileReference; lastKnownFileType = text.plist.xml; path = Info.plist; sourceTree = "<group>"; };
		3B24A0541DCC7BB300A56D7A /* DoDataTableView.h */ = {isa = PBXFileReference; fileEncoding = 4; lastKnownFileType = sourcecode.c.h; path = DoDataTableView.h; sourceTree = "<group>"; };
		3B24A0561DCC7BB300A56D7A /* DoHeaderStyle.h */ = {isa = PBXFileReference; fileEncoding = 4; lastKnownFileType = sourcecode.c.h; path = DoHeaderStyle.h; sourceTree = "<group>"; };
		3B24A0571DCC7BB300A56D7A /* DoHeaderStyle.m */ = {isa = PBXFileReference; fileEncoding = 4; lastKnownFileType = sourcecode.c.objc; path = DoHeaderStyle.m; sourceTree = "<group>"; };
		3B24A0581DCC7BB300A56D7A /* DoReusableView.h */ = {isa = PBXFileReference; fileEncoding = 4; lastKnownFileType = sourcecode.c.h; path = DoReusableView.h; sourceTree = "<group>"; };
		3B24A0591DCC7BB300A56D7A /* DoReusableView.m */ = {isa = PBXFileReference; fileEncoding = 4; lastKnownFileType = sourcecode.c.objc; path = DoReusableView.m; sourceTree = "<group>"; };
		3B24A05A1DCC7BB300A56D7A /* DoSectionHeaderStyle.h */ = {isa = PBXFileReference; fileEncoding = 4; lastKnownFileType = sourcecode.c.h; path = DoSectionHeaderStyle.h; sourceTree = "<group>"; };
		3B24A05B1DCC7BB300A56D7A /* DoSectionHeaderStyle.m */ = {isa = PBXFileReference; fileEncoding = 4; lastKnownFileType = sourcecode.c.objc; path = DoSectionHeaderStyle.m; sourceTree = "<group>"; };
		3B24A0601DCC7BD800A56D7A /* DoColumnHeaderStyle.h */ = {isa = PBXFileReference; fileEncoding = 4; lastKnownFileType = sourcecode.c.h; path = DoColumnHeaderStyle.h; sourceTree = "<group>"; };
		3B24A0611DCC7BD800A56D7A /* DoColumnHeaderStyle.m */ = {isa = PBXFileReference; fileEncoding = 4; lastKnownFileType = sourcecode.c.objc; path = DoColumnHeaderStyle.m; sourceTree = "<group>"; };
		3B24A0631DCC7C7900A56D7A /* DoHelper.h */ = {isa = PBXFileReference; fileEncoding = 4; lastKnownFileType = sourcecode.c.h; path = DoHelper.h; sourceTree = "<group>"; };
		3B24A0641DCC7C7900A56D7A /* DoHelper.m */ = {isa = PBXFileReference; fileEncoding = 4; lastKnownFileType = sourcecode.c.objc; path = DoHelper.m; sourceTree = "<group>"; };
		3B24A0661DCC8EB400A56D7A /* DoDataTableView.m */ = {isa = PBXFileReference; fileEncoding = 4; lastKnownFileType = sourcecode.c.objc; path = DoDataTableView.m; sourceTree = "<group>"; };
/* End PBXFileReference section */

/* Begin PBXFrameworksBuildPhase section */
		3B24A0361DCC7B2F00A56D7A /* Frameworks */ = {
			isa = PBXFrameworksBuildPhase;
			buildActionMask = 2147483647;
			files = (
			);
			runOnlyForDeploymentPostprocessing = 0;
		};
/* End PBXFrameworksBuildPhase section */

/* Begin PBXGroup section */
		3B24A0301DCC7B2F00A56D7A = {
			isa = PBXGroup;
			children = (
				3B24A03B1DCC7B2F00A56D7A /* DoDataTableDemo */,
				3B24A03A1DCC7B2F00A56D7A /* Products */,
			);
			sourceTree = "<group>";
		};
		3B24A03A1DCC7B2F00A56D7A /* Products */ = {
			isa = PBXGroup;
			children = (
				3B24A0391DCC7B2F00A56D7A /* DoDataTableDemo.app */,
			);
			name = Products;
			sourceTree = "<group>";
		};
		3B24A03B1DCC7B2F00A56D7A /* DoDataTableDemo */ = {
			isa = PBXGroup;
			children = (
				3B24A0531DCC7BB300A56D7A /* Class */,
				3B24A03F1DCC7B2F00A56D7A /* AppDelegate.h */,
				3B24A0401DCC7B2F00A56D7A /* AppDelegate.m */,
				3B24A0421DCC7B2F00A56D7A /* ViewController.h */,
				3B24A0431DCC7B2F00A56D7A /* ViewController.m */,
				3B24A0451DCC7B2F00A56D7A /* Main.storyboard */,
				3B24A0481DCC7B2F00A56D7A /* Assets.xcassets */,
				3B24A04A1DCC7B2F00A56D7A /* LaunchScreen.storyboard */,
				3B24A04D1DCC7B2F00A56D7A /* Info.plist */,
				3B24A03C1DCC7B2F00A56D7A /* Supporting Files */,
			);
			path = DoDataTableDemo;
			sourceTree = "<group>";
		};
		3B24A03C1DCC7B2F00A56D7A /* Supporting Files */ = {
			isa = PBXGroup;
			children = (
				3B24A03D1DCC7B2F00A56D7A /* main.m */,
			);
			name = "Supporting Files";
			sourceTree = "<group>";
		};
		3B24A0531DCC7BB300A56D7A /* Class */ = {
			isa = PBXGroup;
			children = (
				3B24A0601DCC7BD800A56D7A /* DoColumnHeaderStyle.h */,
				3B24A0611DCC7BD800A56D7A /* DoColumnHeaderStyle.m */,
				3B24A0541DCC7BB300A56D7A /* DoDataTableView.h */,
				3B24A0661DCC8EB400A56D7A /* DoDataTableView.m */,
				3B24A0561DCC7BB300A56D7A /* DoHeaderStyle.h */,
				3B24A0571DCC7BB300A56D7A /* DoHeaderStyle.m */,
				3B24A0581DCC7BB300A56D7A /* DoReusableView.h */,
				3B24A0591DCC7BB300A56D7A /* DoReusableView.m */,
				3B24A05A1DCC7BB300A56D7A /* DoSectionHeaderStyle.h */,
				3B24A05B1DCC7BB300A56D7A /* DoSectionHeaderStyle.m */,
				3B24A0631DCC7C7900A56D7A /* DoHelper.h */,
				3B24A0641DCC7C7900A56D7A /* DoHelper.m */,
			);
			path = Class;
			sourceTree = "<group>";
		};
/* End PBXGroup section */

/* Begin PBXNativeTarget section */
		3B24A0381DCC7B2F00A56D7A /* DoDataTableDemo */ = {
			isa = PBXNativeTarget;
			buildConfigurationList = 3B24A0501DCC7B2F00A56D7A /* Build configuration list for PBXNativeTarget "DoDataTableDemo" */;
			buildPhases = (
				3B24A0351DCC7B2F00A56D7A /* Sources */,
				3B24A0361DCC7B2F00A56D7A /* Frameworks */,
				3B24A0371DCC7B2F00A56D7A /* Resources */,
			);
			buildRules = (
			);
			dependencies = (
			);
			name = DoDataTableDemo;
			productName = DoDataTableDemo;
			productReference = 3B24A0391DCC7B2F00A56D7A /* DoDataTableDemo.app */;
			productType = "com.apple.product-type.application";
		};
/* End PBXNativeTarget section */

/* Begin PBXProject section */
		3B24A0311DCC7B2F00A56D7A /* Project object */ = {
			isa = PBXProject;
			attributes = {
				LastUpgradeCheck = 0810;
				ORGANIZATIONNAME = DeviceOne;
				TargetAttributes = {
					3B24A0381DCC7B2F00A56D7A = {
						CreatedOnToolsVersion = 8.1;
						DevelopmentTeam = JCE58754N3;
						ProvisioningStyle = Manual;
					};
				};
			};
			buildConfigurationList = 3B24A0341DCC7B2F00A56D7A /* Build configuration list for PBXProject "DoDataTableDemo" */;
			compatibilityVersion = "Xcode 3.2";
			developmentRegion = English;
			hasScannedForEncodings = 0;
			knownRegions = (
				en,
				Base,
			);
			mainGroup = 3B24A0301DCC7B2F00A56D7A;
			productRefGroup = 3B24A03A1DCC7B2F00A56D7A /* Products */;
			projectDirPath = "";
			projectRoot = "";
			targets = (
				3B24A0381DCC7B2F00A56D7A /* DoDataTableDemo */,
			);
		};
/* End PBXProject section */

/* Begin PBXResourcesBuildPhase section */
		3B24A0371DCC7B2F00A56D7A /* Resources */ = {
			isa = PBXResourcesBuildPhase;
			buildActionMask = 2147483647;
			files = (
				3B24A04C1DCC7B2F00A56D7A /* LaunchScreen.storyboard in Resources */,
				3B24A0491DCC7B2F00A56D7A /* Assets.xcassets in Resources */,
				3B24A0471DCC7B2F00A56D7A /* Main.storyboard in Resources */,
			);
			runOnlyForDeploymentPostprocessing = 0;
		};
/* End PBXResourcesBuildPhase section */

/* Begin PBXSourcesBuildPhase section */
		3B24A0351DCC7B2F00A56D7A /* Sources */ = {
			isa = PBXSourcesBuildPhase;
			buildActionMask = 2147483647;
			files = (
				3B24A05E1DCC7BB300A56D7A /* DoReusableView.m in Sources */,
				3B24A05D1DCC7BB300A56D7A /* DoHeaderStyle.m in Sources */,
				3B24A0441DCC7B2F00A56D7A /* ViewController.m in Sources */,
				3B24A0621DCC7BD800A56D7A /* DoColumnHeaderStyle.m in Sources */,
				3B24A0651DCC7C7900A56D7A /* DoHelper.m in Sources */,
				3B24A05F1DCC7BB300A56D7A /* DoSectionHeaderStyle.m in Sources */,
				3B24A0671DCC8EB400A56D7A /* DoDataTableView.m in Sources */,
				3B24A0411DCC7B2F00A56D7A /* AppDelegate.m in Sources */,
				3B24A03E1DCC7B2F00A56D7A /* main.m in Sources */,
			);
			runOnlyForDeploymentPostprocessing = 0;
		};
/* End PBXSourcesBuildPhase section */

/* Begin PBXVariantGroup section */
		3B24A0451DCC7B2F00A56D7A /* Main.storyboard */ = {
			isa = PBXVariantGroup;
			children = (
				3B24A0461DCC7B2F00A56D7A /* Base */,
			);
			name = Main.storyboard;
			sourceTree = "<group>";
		};
		3B24A04A1DCC7B2F00A56D7A /* LaunchScreen.storyboard */ = {
			isa = PBXVariantGroup;
			children = (
				3B24A04B1DCC7B2F00A56D7A /* Base */,
			);
			name = LaunchScreen.storyboard;
			sourceTree = "<group>";
		};
/* End PBXVariantGroup section */

/* Begin XCBuildConfiguration section */
		3B24A04E1DCC7B2F00A56D7A /* Debug */ = {
			isa = XCBuildConfiguration;
			buildSettings = {
				ALWAYS_SEARCH_USER_PATHS = NO;
				CLANG_ANALYZER_NONNULL = YES;
				CLANG_CXX_LANGUAGE_STANDARD = "gnu++0x";
				CLANG_CXX_LIBRARY = "libc++";
				CLANG_ENABLE_MODULES = YES;
				CLANG_ENABLE_OBJC_ARC = YES;
				CLANG_WARN_BOOL_CONVERSION = YES;
				CLANG_WARN_CONSTANT_CONVERSION = YES;
				CLANG_WARN_DIRECT_OBJC_ISA_USAGE = YES_ERROR;
				CLANG_WARN_DOCUMENTATION_COMMENTS = YES;
				CLANG_WARN_EMPTY_BODY = YES;
				CLANG_WARN_ENUM_CONVERSION = YES;
				CLANG_WARN_INFINITE_RECURSION = YES;
				CLANG_WARN_INT_CONVERSION = YES;
				CLANG_WARN_OBJC_ROOT_CLASS = YES_ERROR;
				CLANG_WARN_SUSPICIOUS_MOVES = YES;
				CLANG_WARN_UNREACHABLE_CODE = YES;
				CLANG_WARN__DUPLICATE_METHOD_MATCH = YES;
				"CODE_SIGN_IDENTITY[sdk=iphoneos*]" = "iPhone Developer";
				COPY_PHASE_STRIP = NO;
				DEBUG_INFORMATION_FORMAT = dwarf;
				ENABLE_STRICT_OBJC_MSGSEND = YES;
				ENABLE_TESTABILITY = YES;
				GCC_C_LANGUAGE_STANDARD = gnu99;
				GCC_DYNAMIC_NO_PIC = NO;
				GCC_NO_COMMON_BLOCKS = YES;
				GCC_OPTIMIZATION_LEVEL = 0;
				GCC_PREPROCESSOR_DEFINITIONS = (
					"DEBUG=1",
					"$(inherited)",
				);
				GCC_WARN_64_TO_32_BIT_CONVERSION = YES;
				GCC_WARN_ABOUT_RETURN_TYPE = YES_ERROR;
				GCC_WARN_UNDECLARED_SELECTOR = YES;
				GCC_WARN_UNINITIALIZED_AUTOS = YES_AGGRESSIVE;
				GCC_WARN_UNUSED_FUNCTION = YES;
				GCC_WARN_UNUSED_VARIABLE = YES;
				IPHONEOS_DEPLOYMENT_TARGET = 9.0;
				MTL_ENABLE_DEBUG_INFO = YES;
				ONLY_ACTIVE_ARCH = YES;
				SDKROOT = iphoneos;
				TARGETED_DEVICE_FAMILY = "1,2";
			};
			name = Debug;
		};
		3B24A04F1DCC7B2F00A56D7A /* Release */ = {
			isa = XCBuildConfiguration;
			buildSettings = {
				ALWAYS_SEARCH_USER_PATHS = NO;
				CLANG_ANALYZER_NONNULL = YES;
				CLANG_CXX_LANGUAGE_STANDARD = "gnu++0x";
				CLANG_CXX_LIBRARY = "libc++";
				CLANG_ENABLE_MODULES = YES;
				CLANG_ENABLE_OBJC_ARC = YES;
				CLANG_WARN_BOOL_CONVERSION = YES;
				CLANG_WARN_CONSTANT_CONVERSION = YES;
				CLANG_WARN_DIRECT_OBJC_ISA_USAGE = YES_ERROR;
				CLANG_WARN_DOCUMENTATION_COMMENTS = YES;
				CLANG_WARN_EMPTY_BODY = YES;
				CLANG_WARN_ENUM_CONVERSION = YES;
				CLANG_WARN_INFINITE_RECURSION = YES;
				CLANG_WARN_INT_CONVERSION = YES;
				CLANG_WARN_OBJC_ROOT_CLASS = YES_ERROR;
				CLANG_WARN_SUSPICIOUS_MOVES = YES;
				CLANG_WARN_UNREACHABLE_CODE = YES;
				CLANG_WARN__DUPLICATE_METHOD_MATCH = YES;
				"CODE_SIGN_IDENTITY[sdk=iphoneos*]" = "iPhone Developer";
				COPY_PHASE_STRIP = NO;
				DEBUG_INFORMATION_FORMAT = "dwarf-with-dsym";
				ENABLE_NS_ASSERTIONS = NO;
				ENABLE_STRICT_OBJC_MSGSEND = YES;
				GCC_C_LANGUAGE_STANDARD = gnu99;
				GCC_NO_COMMON_BLOCKS = YES;
				GCC_WARN_64_TO_32_BIT_CONVERSION = YES;
				GCC_WARN_ABOUT_RETURN_TYPE = YES_ERROR;
				GCC_WARN_UNDECLARED_SELECTOR = YES;
				GCC_WARN_UNINITIALIZED_AUTOS = YES_AGGRESSIVE;
				GCC_WARN_UNUSED_FUNCTION = YES;
				GCC_WARN_UNUSED_VARIABLE = YES;
				IPHONEOS_DEPLOYMENT_TARGET = 9.0;
				MTL_ENABLE_DEBUG_INFO = NO;
				SDKROOT = iphoneos;
				TARGETED_DEVICE_FAMILY = "1,2";
				VALIDATE_PRODUCT = YES;
			};
			name = Release;
		};
		3B24A0511DCC7B2F00A56D7A /* Debug */ = {
			isa = XCBuildConfiguration;
			buildSettings = {
				ASSETCATALOG_COMPILER_APPICON_NAME = AppIcon;
				DEVELOPMENT_TEAM = JCE58754N3;
				INFOPLIST_FILE = DoDataTableDemo/Info.plist;
				IPHONEOS_DEPLOYMENT_TARGET = 9.0;
				LD_RUNPATH_SEARCH_PATHS = "$(inherited) @executable_path/Frameworks";
				PRODUCT_BUNDLE_IDENTIFIER = com.DoDataTableDemo;
				PRODUCT_NAME = "$(TARGET_NAME)";
				PROVISIONING_PROFILE = "4e39d2ef-bf83-447f-ae05-fe5210bcc8b0";
				PROVISIONING_PROFILE_SPECIFIER = universion;
			};
			name = Debug;
		};
		3B24A0521DCC7B2F00A56D7A /* Release */ = {
			isa = XCBuildConfiguration;
			buildSettings = {
				ASSETCATALOG_COMPILER_APPICON_NAME = AppIcon;
				DEVELOPMENT_TEAM = "";
				INFOPLIST_FILE = DoDataTableDemo/Info.plist;
				IPHONEOS_DEPLOYMENT_TARGET = 9.0;
				LD_RUNPATH_SEARCH_PATHS = "$(inherited) @executable_path/Frameworks";
				PRODUCT_BUNDLE_IDENTIFIER = com.DoDataTableDemo;
				PRODUCT_NAME = "$(TARGET_NAME)";
			};
			name = Release;
		};
/* End XCBuildConfiguration section */

/* Begin XCConfigurationList section */
		3B24A0341DCC7B2F00A56D7A /* Build configuration list for PBXProject "DoDataTableDemo" */ = {
			isa = XCConfigurationList;
			buildConfigurations = (
				3B24A04E1DCC7B2F00A56D7A /* Debug */,
				3B24A04F1DCC7B2F00A56D7A /* Release */,
			);
			defaultConfigurationIsVisible = 0;
			defaultConfigurationName = Release;
		};
		3B24A0501DCC7B2F00A56D7A /* Build configuration list for PBXNativeTarget "DoDataTableDemo" */ = {
			isa = XCConfigurationList;
			buildConfigurations = (
				3B24A0511DCC7B2F00A56D7A /* Debug */,
				3B24A0521DCC7B2F00A56D7A /* Release */,
			);
			defaultConfigurationIsVisible = 0;
		};
/* End XCConfigurationList section */
	};
	rootObject = 3B24A0311DCC7B2F00A56D7A /* Project object */;
}
